
Microsoft Visual Studio Solution File, Format Version 12.00
# Visual Studio Version 17
VisualStudioVersion = 17.6.33829.357
MinimumVisualStudioVersion = 10.0.40219.1
Project("{FAE04EC0-301F-11D3-BF4B-00C04F79EFBC}") = "Bayonito_Grace", "Bayonito_Grace\Bayonito_Grace.csproj", "{5BB4BF5F-E321-488F-92D6-C732692B9E63}"
EndProject
Global
	GlobalSection(SolutionConfigurationPlatforms) = preSolution
		Debug|Any CPU = Debug|Any CPU
		Release|Any CPU = Release|Any CPU
	EndGlobalSection
	GlobalSection(ProjectConfigurationPlatforms) = postSolution
		{5BB4BF5F-E321-488F-92D6-C732692B9E63}.Debug|Any CPU.ActiveCfg = Debug|Any CPU
		{5BB4BF5F-E321-488F-92D6-C732692B9E63}.Debug|Any CPU.Build.0 = Debug|Any CPU
		{5BB4BF5F-E321-488F-92D6-C732692B9E63}.Release|Any CPU.ActiveCfg = Release|Any CPU
		{5BB4BF5F-E321-488F-92D6-C732692B9E63}.Release|Any CPU.Build.0 = Release|Any CPU
	EndGlobalSection
	GlobalSection(SolutionProperties) = preSolution
		HideSolutionNode = FALSE
	EndGlobalSection
	GlobalSection(ExtensibilityGlobals) = postSolution
		SolutionGuid = {4C9798F2-52EF-4968-8644-2703CE5971F3}
	EndGlobalSection
EndGlobal
